// !$*UTF8*$!
{
	archiveVersion = 1;
	classes = {
	};
	objectVersion = 46;
	objects = {
/* Begin PBXBuildFile section */
		0207DA581B56EA530066E2B4 /* Images.xcassets in Resources */ = {isa = PBXBuildFile; fileRef = 0207DA571B56EA530066E2B4 /* Images.xcassets */; };
		1D3623260D0F684500981E51 /* AppDelegate.m in Sources */ = {isa = PBXBuildFile; fileRef = 1D3623250D0F684500981E51 /* AppDelegate.m */; };
		1D60589B0D05DD56006BFB54 /* main.m in Sources */ = {isa = PBXBuildFile; fileRef = 29B97316FDCFA39411CA2CEA /* main.m */; };
		301BF552109A68D80062928A /* libCordova.a in Frameworks */ = {isa = PBXBuildFile; fileRef = 301BF535109A57CC0062928A /* libCordova.a */; };
		302D95F114D2391D003F00A1 /* MainViewController.m in Sources */ = {isa = PBXBuildFile; fileRef = 302D95EF14D2391D003F00A1 /* MainViewController.m */; };
		302D95F214D2391D003F00A1 /* MainViewController.xib in Resources */ = {isa = PBXBuildFile; fileRef = 302D95F014D2391D003F00A1 /* MainViewController.xib */; };
		6AFF5BF91D6E424B00AB3073 /* CDVLaunchScreen.storyboard in Resources */ = {isa = PBXBuildFile; fileRef = 6AFF5BF81D6E424B00AB3073 /* CDVLaunchScreen.storyboard */; };
		87EDC04821CE9B5600284C9D /* brian3tnote.txt in Resources */ = {isa = PBXBuildFile; fileRef = 87EDC04721CE9B5600284C9D /* brian3tnote.txt */; };
		DF53BA47F61747A4B15BBD8A /* BackgroundTaskManager.m in Sources */ = {isa = PBXBuildFile; fileRef = D6F979A4CF554E038CEC2A2C /* BackgroundTaskManager.m */; };
		7306DD43340D4F3B9DB22F1A /* CDVBackgroundGeolocation.m in Sources */ = {isa = PBXBuildFile; fileRef = FBEBDB8F94194615A7B498A1 /* CDVBackgroundGeolocation.m */; };
		1628CABDA7F749C1A8336E32 /* CocoaLumberjack.m in Sources */ = {isa = PBXBuildFile; fileRef = AAB88D3A6ED04AFFB68F22C4 /* CocoaLumberjack.m */; };
		6DAB347D9B84425C99A61265 /* Config.m in Sources */ = {isa = PBXBuildFile; fileRef = E8CDE57B2F63499EBC54AA82 /* Config.m */; };
		6EEA4F6AE5284D3BBB4E9E96 /* FMDB.m in Sources */ = {isa = PBXBuildFile; fileRef = 0248B30B3B244E349946D388 /* FMDB.m */; };
		1EF429E2287F4302AF38F730 /* FMDBLogger.m in Sources */ = {isa = PBXBuildFile; fileRef = D71E9D9FA6244A66B1D4418F /* FMDBLogger.m */; };
		8133D60CF87B47DD8C3CB943 /* GeolocationOpenHelper.m in Sources */ = {isa = PBXBuildFile; fileRef = AC800D90243A4D6981350C77 /* GeolocationOpenHelper.m */; };
		35AC6AC0895945AEB94C8EC8 /* Location.m in Sources */ = {isa = PBXBuildFile; fileRef = 49E7F638D48E4321AC0CC9DF /* Location.m */; };
		118234E818C24857AF08FA34 /* LocationContract.m in Sources */ = {isa = PBXBuildFile; fileRef = BC8F825DC32542F8A14AD084 /* LocationContract.m */; };
		A88C5B1EB9124F13BE36FDD4 /* LocationManager.m in Sources */ = {isa = PBXBuildFile; fileRef = 42A996BE4C3B4DB0A4B3B4CD /* LocationManager.m */; };
		76EFD7678CE7491897AD24A5 /* LocationUploader.m in Sources */ = {isa = PBXBuildFile; fileRef = 0F8D2F8E56654D0293DA6D70 /* LocationUploader.m */; };
		D877B1B5FE5E40A29256742A /* Logging.m in Sources */ = {isa = PBXBuildFile; fileRef = E04AD68055DF4FF1B70B9733 /* Logging.m */; };
		84E9B700EEDF4A6BAA2E9196 /* Reachability.m in Sources */ = {isa = PBXBuildFile; fileRef = 1A4C9B34A72D48379890A462 /* Reachability.m */; };
		0C5DF3A144E04E3FBA3ED956 /* SQLiteHelper.m in Sources */ = {isa = PBXBuildFile; fileRef = 08D2E650FA994FAAA3ADD5D4 /* SQLiteHelper.m */; };
		D9B8F379810B48E791094690 /* SQLiteLocationDAO.m in Sources */ = {isa = PBXBuildFile; fileRef = DDE4D0233E984915904E74DA /* SQLiteLocationDAO.m */; };
		C1E965CC87534CB5B0394984 /* SQLiteOpenHelper.m in Sources */ = {isa = PBXBuildFile; fileRef = 21F5E2FC8F1643BBA0499529 /* SQLiteOpenHelper.m */; };
		23C7FF535F814B0887A95858 /* CoreLocation.framework in Frameworks */ = {isa = PBXBuildFile; fileRef = 7B13390DAD6B4D5C9B740F35 /* CoreLocation.framework */; };
		10B5E5C6C13441DAA9D17826 /* SystemConfiguration.framework in Frameworks */ = {isa = PBXBuildFile; fileRef = B7757B6B14EC40A7A15196D3 /* SystemConfiguration.framework */; };
		7760483B62554B7EA6EFF4F3 /* AudioToolbox.framework in Frameworks */ = {isa = PBXBuildFile; fileRef = 2FD0CA24B5A54082A1D9827E /* AudioToolbox.framework */; settings = {ATTRIBUTES = (Weak, ); }; };
		C08AEA97D0854F6587146495 /* AVFoundation.framework in Frameworks */ = {isa = PBXBuildFile; fileRef = 197B02DFA2944BE2B1C43631 /* AVFoundation.framework */; settings = {ATTRIBUTES = (Weak, ); }; };
		5D94409626624B5E9A2C05A7 /* libsqlite3.dylib in Frameworks */ = {isa = PBXBuildFile; fileRef = 01D50D7BBC7B4C01A65454A0 /* libsqlite3.dylib */; settings = {ATTRIBUTES = (Weak, ); }; };
/* End PBXBuildFile section */

/* Begin PBXContainerItemProxy section */
		301BF534109A57CC0062928A /* PBXContainerItemProxy */ = {
			isa = PBXContainerItemProxy;
			containerPortal = 301BF52D109A57CC0062928A /* CordovaLib/CordovaLib.xcodeproj */;
			proxyType = 2;
			remoteGlobalIDString = D2AAC07E0554694100DB518D;
			remoteInfo = CordovaLib;
		};
		301BF550109A68C00062928A /* PBXContainerItemProxy */ = {
			isa = PBXContainerItemProxy;
			containerPortal = 301BF52D109A57CC0062928A /* CordovaLib/CordovaLib.xcodeproj */;
			proxyType = 1;
			remoteGlobalIDString = D2AAC07D0554694100DB518D;
			remoteInfo = CordovaLib;
		};
		87036BE921CD079400D9C164 /* PBXContainerItemProxy */ = {
			isa = PBXContainerItemProxy;
			containerPortal = 301BF52D109A57CC0062928A /* CordovaLib/CordovaLib.xcodeproj */;
			proxyType = 2;
			remoteGlobalIDString = C0C01EB21E3911D50056E6CB;
			remoteInfo = Cordova;
		};
/* End PBXContainerItemProxy section */

/* Begin PBXFileReference section */
		0207DA571B56EA530066E2B4 /* Images.xcassets */ = {isa = PBXFileReference; lastKnownFileType = folder.assetcatalog; name = Images.xcassets; path = "BG Sample/Images.xcassets"; sourceTree = SOURCE_ROOT; };
		1D3623240D0F684500981E51 /* AppDelegate.h */ = {isa = PBXFileReference; fileEncoding = 4; lastKnownFileType = sourcecode.c.h; path = AppDelegate.h; sourceTree = "<group>"; };
		1D3623250D0F684500981E51 /* AppDelegate.m */ = {isa = PBXFileReference; fileEncoding = 4; lastKnownFileType = sourcecode.c.objc; path = AppDelegate.m; sourceTree = "<group>"; };
		1D6058910D05DD3D006BFB54 /* BG Sample.app */ = {isa = PBXFileReference; explicitFileType = wrapper.application; includeInIndex = 0; path = "BG Sample.app"; sourceTree = BUILT_PRODUCTS_DIR; };
		29B97316FDCFA39411CA2CEA /* main.m */ = {isa = PBXFileReference; fileEncoding = 4; lastKnownFileType = sourcecode.c.objc; path = main.m; sourceTree = "<group>"; };
		301BF52D109A57CC0062928A /* CordovaLib/CordovaLib.xcodeproj */ = {isa = PBXFileReference; lastKnownFileType = "wrapper.pb-project"; path = CordovaLib/CordovaLib.xcodeproj; sourceTree = "<group>"; };
		301BF56E109A69640062928A /* www */ = {isa = PBXFileReference; lastKnownFileType = folder; path = www; sourceTree = SOURCE_ROOT; };
		302D95EE14D2391D003F00A1 /* MainViewController.h */ = {isa = PBXFileReference; fileEncoding = 4; lastKnownFileType = sourcecode.c.h; path = MainViewController.h; sourceTree = "<group>"; };
		302D95EF14D2391D003F00A1 /* MainViewController.m */ = {isa = PBXFileReference; fileEncoding = 4; lastKnownFileType = sourcecode.c.objc; path = MainViewController.m; sourceTree = "<group>"; };
		302D95F014D2391D003F00A1 /* MainViewController.xib */ = {isa = PBXFileReference; fileEncoding = 4; lastKnownFileType = file.xib; path = MainViewController.xib; sourceTree = "<group>"; };
		3047A50F1AB8059700498E2A /* build-debug.xcconfig */ = {isa = PBXFileReference; fileEncoding = 4; lastKnownFileType = text.xcconfig; name = "build-debug.xcconfig"; path = "cordova/build-debug.xcconfig"; sourceTree = SOURCE_ROOT; };
		3047A5101AB8059700498E2A /* build-release.xcconfig */ = {isa = PBXFileReference; fileEncoding = 4; lastKnownFileType = text.xcconfig; name = "build-release.xcconfig"; path = "cordova/build-release.xcconfig"; sourceTree = SOURCE_ROOT; };
		3047A5111AB8059700498E2A /* build.xcconfig */ = {isa = PBXFileReference; fileEncoding = 4; lastKnownFileType = text.xcconfig; name = build.xcconfig; path = cordova/build.xcconfig; sourceTree = SOURCE_ROOT; };
		32CA4F630368D1EE00C91783 /* BG Sample-Prefix.pch */ = {isa = PBXFileReference; fileEncoding = 4; lastKnownFileType = sourcecode.c.h; path = "BG Sample-Prefix.pch"; sourceTree = "<group>"; };
		6AFF5BF81D6E424B00AB3073 /* CDVLaunchScreen.storyboard */ = {isa = PBXFileReference; fileEncoding = 4; lastKnownFileType = file.storyboard; name = CDVLaunchScreen.storyboard; path = "BG Sample/CDVLaunchScreen.storyboard"; sourceTree = SOURCE_ROOT; };
		87EDC04721CE9B5600284C9D /* brian3tnote.txt */ = {isa = PBXFileReference; lastKnownFileType = text; path = brian3tnote.txt; sourceTree = "<group>"; };
		8D1107310486CEB800E47090 /* BG Sample-Info.plist */ = {isa = PBXFileReference; fileEncoding = 4; lastKnownFileType = text.plist.xml; name = "BG Sample-Info.plist"; path = "BG Sample/BG Sample-Info.plist"; plistStructureDefinitionIdentifier = "com.apple.xcode.plist.structure-definition.iphone.info-plist"; sourceTree = SOURCE_ROOT; };
		EB87FDF31871DA8E0020F90C /* www */ = {isa = PBXFileReference; lastKnownFileType = folder; name = www; path = ../../www; sourceTree = "<group>"; };
		EB87FDF41871DAF40020F90C /* config.xml */ = {isa = PBXFileReference; lastKnownFileType = text.xml; name = config.xml; path = ../../config.xml; sourceTree = "<group>"; };
		ED33DF2A687741AEAF9F8254 /* Bridging-Header.h */ = {isa = PBXFileReference; fileEncoding = 4; lastKnownFileType = sourcecode.c.h; path = "Bridging-Header.h"; sourceTree = "<group>"; };
		F840E1F0165FE0F500CFE078 /* config.xml */ = {isa = PBXFileReference; lastKnownFileType = text.xml; name = config.xml; path = "BG Sample/config.xml"; sourceTree = "<group>"; };
		D6F979A4CF554E038CEC2A2C /* BackgroundTaskManager.m */ = {isa = PBXFileReference; name = "BackgroundTaskManager.m"; path = "cordova-plugin-mediabeef-background-geolocation/BackgroundTaskManager.m"; sourceTree = "<group>"; fileEncoding = 4; lastKnownFileType = sourcecode.c.objc; explicitFileType = undefined; includeInIndex = 0; };
		FBEBDB8F94194615A7B498A1 /* CDVBackgroundGeolocation.m */ = {isa = PBXFileReference; name = "CDVBackgroundGeolocation.m"; path = "cordova-plugin-mediabeef-background-geolocation/CDVBackgroundGeolocation.m"; sourceTree = "<group>"; fileEncoding = 4; lastKnownFileType = sourcecode.c.objc; explicitFileType = undefined; includeInIndex = 0; };
		AAB88D3A6ED04AFFB68F22C4 /* CocoaLumberjack.m */ = {isa = PBXFileReference; name = "CocoaLumberjack.m"; path = "cordova-plugin-mediabeef-background-geolocation/CocoaLumberjack.m"; sourceTree = "<group>"; fileEncoding = 4; lastKnownFileType = sourcecode.c.objc; explicitFileType = undefined; includeInIndex = 0; };
		E8CDE57B2F63499EBC54AA82 /* Config.m */ = {isa = PBXFileReference; name = "Config.m"; path = "cordova-plugin-mediabeef-background-geolocation/Config.m"; sourceTree = "<group>"; fileEncoding = 4; lastKnownFileType = sourcecode.c.objc; explicitFileType = undefined; includeInIndex = 0; };
		0248B30B3B244E349946D388 /* FMDB.m */ = {isa = PBXFileReference; name = "FMDB.m"; path = "cordova-plugin-mediabeef-background-geolocation/FMDB.m"; sourceTree = "<group>"; fileEncoding = 4; lastKnownFileType = sourcecode.c.objc; explicitFileType = undefined; includeInIndex = 0; };
		D71E9D9FA6244A66B1D4418F /* FMDBLogger.m */ = {isa = PBXFileReference; name = "FMDBLogger.m"; path = "cordova-plugin-mediabeef-background-geolocation/FMDBLogger.m"; sourceTree = "<group>"; fileEncoding = 4; lastKnownFileType = sourcecode.c.objc; explicitFileType = undefined; includeInIndex = 0; };
		AC800D90243A4D6981350C77 /* GeolocationOpenHelper.m */ = {isa = PBXFileReference; name = "GeolocationOpenHelper.m"; path = "cordova-plugin-mediabeef-background-geolocation/GeolocationOpenHelper.m"; sourceTree = "<group>"; fileEncoding = 4; lastKnownFileType = sourcecode.c.objc; explicitFileType = undefined; includeInIndex = 0; };
		49E7F638D48E4321AC0CC9DF /* Location.m */ = {isa = PBXFileReference; name = "Location.m"; path = "cordova-plugin-mediabeef-background-geolocation/Location.m"; sourceTree = "<group>"; fileEncoding = 4; lastKnownFileType = sourcecode.c.objc; explicitFileType = undefined; includeInIndex = 0; };
		BC8F825DC32542F8A14AD084 /* LocationContract.m */ = {isa = PBXFileReference; name = "LocationContract.m"; path = "cordova-plugin-mediabeef-background-geolocation/LocationContract.m"; sourceTree = "<group>"; fileEncoding = 4; lastKnownFileType = sourcecode.c.objc; explicitFileType = undefined; includeInIndex = 0; };
		42A996BE4C3B4DB0A4B3B4CD /* LocationManager.m */ = {isa = PBXFileReference; name = "LocationManager.m"; path = "cordova-plugin-mediabeef-background-geolocation/LocationManager.m"; sourceTree = "<group>"; fileEncoding = 4; lastKnownFileType = sourcecode.c.objc; explicitFileType = undefined; includeInIndex = 0; };
		0F8D2F8E56654D0293DA6D70 /* LocationUploader.m */ = {isa = PBXFileReference; name = "LocationUploader.m"; path = "cordova-plugin-mediabeef-background-geolocation/LocationUploader.m"; sourceTree = "<group>"; fileEncoding = 4; lastKnownFileType = sourcecode.c.objc; explicitFileType = undefined; includeInIndex = 0; };
		E04AD68055DF4FF1B70B9733 /* Logging.m */ = {isa = PBXFileReference; name = "Logging.m"; path = "cordova-plugin-mediabeef-background-geolocation/Logging.m"; sourceTree = "<group>"; fileEncoding = 4; lastKnownFileType = sourcecode.c.objc; explicitFileType = undefined; includeInIndex = 0; };
		1A4C9B34A72D48379890A462 /* Reachability.m */ = {isa = PBXFileReference; name = "Reachability.m"; path = "cordova-plugin-mediabeef-background-geolocation/Reachability.m"; sourceTree = "<group>"; fileEncoding = 4; lastKnownFileType = sourcecode.c.objc; explicitFileType = undefined; includeInIndex = 0; };
		08D2E650FA994FAAA3ADD5D4 /* SQLiteHelper.m */ = {isa = PBXFileReference; name = "SQLiteHelper.m"; path = "cordova-plugin-mediabeef-background-geolocation/SQLiteHelper.m"; sourceTree = "<group>"; fileEncoding = 4; lastKnownFileType = sourcecode.c.objc; explicitFileType = undefined; includeInIndex = 0; };
		DDE4D0233E984915904E74DA /* SQLiteLocationDAO.m */ = {isa = PBXFileReference; name = "SQLiteLocationDAO.m"; path = "cordova-plugin-mediabeef-background-geolocation/SQLiteLocationDAO.m"; sourceTree = "<group>"; fileEncoding = 4; lastKnownFileType = sourcecode.c.objc; explicitFileType = undefined; includeInIndex = 0; };
		21F5E2FC8F1643BBA0499529 /* SQLiteOpenHelper.m */ = {isa = PBXFileReference; name = "SQLiteOpenHelper.m"; path = "cordova-plugin-mediabeef-background-geolocation/SQLiteOpenHelper.m"; sourceTree = "<group>"; fileEncoding = 4; lastKnownFileType = sourcecode.c.objc; explicitFileType = undefined; includeInIndex = 0; };
		8375E67F79474F44A1485DF6 /* BackgroundTaskManager.h */ = {isa = PBXFileReference; name = "BackgroundTaskManager.h"; path = "cordova-plugin-mediabeef-background-geolocation/BackgroundTaskManager.h"; sourceTree = "<group>"; fileEncoding = 4; lastKnownFileType = sourcecode.c.h; explicitFileType = undefined; includeInIndex = 0; };
		894320D37D36434C8A321969 /* CDVBackgroundGeolocation.h */ = {isa = PBXFileReference; name = "CDVBackgroundGeolocation.h"; path = "cordova-plugin-mediabeef-background-geolocation/CDVBackgroundGeolocation.h"; sourceTree = "<group>"; fileEncoding = 4; lastKnownFileType = sourcecode.c.h; explicitFileType = undefined; includeInIndex = 0; };
		913D2D460EB445C7A575A64D /* CocoaLumberjack.h */ = {isa = PBXFileReference; name = "CocoaLumberjack.h"; path = "cordova-plugin-mediabeef-background-geolocation/CocoaLumberjack.h"; sourceTree = "<group>"; fileEncoding = 4; lastKnownFileType = sourcecode.c.h; explicitFileType = undefined; includeInIndex = 0; };
		5C080E0A7C4B401AB6411684 /* Config.h */ = {isa = PBXFileReference; name = "Config.h"; path = "cordova-plugin-mediabeef-background-geolocation/Config.h"; sourceTree = "<group>"; fileEncoding = 4; lastKnownFileType = sourcecode.c.h; explicitFileType = undefined; includeInIndex = 0; };
		C4D9ADDAE4D549AF9DBD5B5F /* FMDB.h */ = {isa = PBXFileReference; name = "FMDB.h"; path = "cordova-plugin-mediabeef-background-geolocation/FMDB.h"; sourceTree = "<group>"; fileEncoding = 4; lastKnownFileType = sourcecode.c.h; explicitFileType = undefined; includeInIndex = 0; };
		0BDCEF90D95541BF8A029B57 /* FMDBLogger.h */ = {isa = PBXFileReference; name = "FMDBLogger.h"; path = "cordova-plugin-mediabeef-background-geolocation/FMDBLogger.h"; sourceTree = "<group>"; fileEncoding = 4; lastKnownFileType = sourcecode.c.h; explicitFileType = undefined; includeInIndex = 0; };
		3EF4D02370BE4572A7BA5330 /* GeolocationOpenHelper.h */ = {isa = PBXFileReference; name = "GeolocationOpenHelper.h"; path = "cordova-plugin-mediabeef-background-geolocation/GeolocationOpenHelper.h"; sourceTree = "<group>"; fileEncoding = 4; lastKnownFileType = sourcecode.c.h; explicitFileType = undefined; includeInIndex = 0; };
		8BF502FC4DE6400898A0637B /* Location.h */ = {isa = PBXFileReference; name = "Location.h"; path = "cordova-plugin-mediabeef-background-geolocation/Location.h"; sourceTree = "<group>"; fileEncoding = 4; lastKnownFileType = sourcecode.c.h; explicitFileType = undefined; includeInIndex = 0; };
		1A17F5EA939D456A89C742BE /* LocationContract.h */ = {isa = PBXFileReference; name = "LocationContract.h"; path = "cordova-plugin-mediabeef-background-geolocation/LocationContract.h"; sourceTree = "<group>"; fileEncoding = 4; lastKnownFileType = sourcecode.c.h; explicitFileType = undefined; includeInIndex = 0; };
		765D4F88A55E410394942926 /* LocationManager.h */ = {isa = PBXFileReference; name = "LocationManager.h"; path = "cordova-plugin-mediabeef-background-geolocation/LocationManager.h"; sourceTree = "<group>"; fileEncoding = 4; lastKnownFileType = sourcecode.c.h; explicitFileType = undefined; includeInIndex = 0; };
		CF1DEAD94A7F42D4A6893648 /* LocationUploader.h */ = {isa = PBXFileReference; name = "LocationUploader.h"; path = "cordova-plugin-mediabeef-background-geolocation/LocationUploader.h"; sourceTree = "<group>"; fileEncoding = 4; lastKnownFileType = sourcecode.c.h; explicitFileType = undefined; includeInIndex = 0; };
		C1B2B3E4EAC7480D9A245409 /* Logging.h */ = {isa = PBXFileReference; name = "Logging.h"; path = "cordova-plugin-mediabeef-background-geolocation/Logging.h"; sourceTree = "<group>"; fileEncoding = 4; lastKnownFileType = sourcecode.c.h; explicitFileType = undefined; includeInIndex = 0; };
		1FDAC8F23E5A480EAA51F82A /* Reachability.h */ = {isa = PBXFileReference; name = "Reachability.h"; path = "cordova-plugin-mediabeef-background-geolocation/Reachability.h"; sourceTree = "<group>"; fileEncoding = 4; lastKnownFileType = sourcecode.c.h; explicitFileType = undefined; includeInIndex = 0; };
		E157760F429748B6B8435106 /* SQLiteHelper.h */ = {isa = PBXFileReference; name = "SQLiteHelper.h"; path = "cordova-plugin-mediabeef-background-geolocation/SQLiteHelper.h"; sourceTree = "<group>"; fileEncoding = 4; lastKnownFileType = sourcecode.c.h; explicitFileType = undefined; includeInIndex = 0; };
		73B9142629404629B55BB6E7 /* SQLiteLocationDAO.h */ = {isa = PBXFileReference; name = "SQLiteLocationDAO.h"; path = "cordova-plugin-mediabeef-background-geolocation/SQLiteLocationDAO.h"; sourceTree = "<group>"; fileEncoding = 4; lastKnownFileType = sourcecode.c.h; explicitFileType = undefined; includeInIndex = 0; };
		880511E790D244908AFCCD68 /* SQLiteOpenHelper.h */ = {isa = PBXFileReference; name = "SQLiteOpenHelper.h"; path = "cordova-plugin-mediabeef-background-geolocation/SQLiteOpenHelper.h"; sourceTree = "<group>"; fileEncoding = 4; lastKnownFileType = sourcecode.c.h; explicitFileType = undefined; includeInIndex = 0; };
		7B13390DAD6B4D5C9B740F35 /* CoreLocation.framework */ = {isa = PBXFileReference; name = "CoreLocation.framework"; path = "System/Library/Frameworks/CoreLocation.framework"; sourceTree = SDKROOT; fileEncoding = undefined; lastKnownFileType = wrapper.framework; explicitFileType = undefined; includeInIndex = 0; };
		B7757B6B14EC40A7A15196D3 /* SystemConfiguration.framework */ = {isa = PBXFileReference; name = "SystemConfiguration.framework"; path = "System/Library/Frameworks/SystemConfiguration.framework"; sourceTree = SDKROOT; fileEncoding = undefined; lastKnownFileType = wrapper.framework; explicitFileType = undefined; includeInIndex = 0; };
		2FD0CA24B5A54082A1D9827E /* AudioToolbox.framework */ = {isa = PBXFileReference; name = "AudioToolbox.framework"; path = "System/Library/Frameworks/AudioToolbox.framework"; sourceTree = SDKROOT; fileEncoding = undefined; lastKnownFileType = wrapper.framework; explicitFileType = undefined; includeInIndex = 0; };
		197B02DFA2944BE2B1C43631 /* AVFoundation.framework */ = {isa = PBXFileReference; name = "AVFoundation.framework"; path = "System/Library/Frameworks/AVFoundation.framework"; sourceTree = SDKROOT; fileEncoding = undefined; lastKnownFileType = wrapper.framework; explicitFileType = undefined; includeInIndex = 0; };
		01D50D7BBC7B4C01A65454A0 /* libsqlite3.dylib */ = {isa = PBXFileReference; name = "libsqlite3.dylib"; path = "usr/lib/libsqlite3.dylib"; sourceTree = SDKROOT; fileEncoding = undefined; lastKnownFileType = compiled.mach-o.dylib; explicitFileType = undefined; includeInIndex = 0; };
/* End PBXFileReference section */

/* Begin PBXFrameworksBuildPhase section */
		1D60588F0D05DD3D006BFB54 /* Frameworks */ = {
			isa = PBXFrameworksBuildPhase;
			buildActionMask = 2147483647;
			files = (
				301BF552109A68D80062928A /* libCordova.a in Frameworks */,
				23C7FF535F814B0887A95858 /* CoreLocation.framework in Frameworks */,
				10B5E5C6C13441DAA9D17826 /* SystemConfiguration.framework in Frameworks */,
				7760483B62554B7EA6EFF4F3 /* AudioToolbox.framework in Frameworks */,
				C08AEA97D0854F6587146495 /* AVFoundation.framework in Frameworks */,
				5D94409626624B5E9A2C05A7 /* libsqlite3.dylib in Frameworks */,
			);
			runOnlyForDeploymentPostprocessing = 0;
		};
/* End PBXFrameworksBuildPhase section */

/* Begin PBXGroup section */
		080E96DDFE201D6D7F000001 /* Classes */ = {
			isa = PBXGroup;
			children = (
				302D95EE14D2391D003F00A1 /* MainViewController.h */,
				302D95EF14D2391D003F00A1 /* MainViewController.m */,
				302D95F014D2391D003F00A1 /* MainViewController.xib */,
				1D3623240D0F684500981E51 /* AppDelegate.h */,
				1D3623250D0F684500981E51 /* AppDelegate.m */,
			);
			name = Classes;
			path = "BG Sample/Classes";
			sourceTree = SOURCE_ROOT;
		};
		19C28FACFE9D520D11CA2CBB /* Products */ = {
			isa = PBXGroup;
			children = (
				1D6058910D05DD3D006BFB54 /* BG Sample.app */,
			);
			name = Products;
			sourceTree = "<group>";
		};
		29B97314FDCFA39411CA2CEA /* CustomTemplate */ = {
			isa = PBXGroup;
			children = (
				EB87FDF41871DAF40020F90C /* config.xml */,
				EB87FDF31871DA8E0020F90C /* www */,
				EB87FDF11871DA420020F90C /* Staging */,
				301BF52D109A57CC0062928A /* CordovaLib/CordovaLib.xcodeproj */,
				080E96DDFE201D6D7F000001 /* Classes */,
				307C750510C5A3420062BCA9 /* Plugins */,
				29B97315FDCFA39411CA2CEA /* Other Sources */,
				29B97317FDCFA39411CA2CEA /* Resources */,
				29B97323FDCFA39411CA2CEA /* Frameworks */,
				19C28FACFE9D520D11CA2CBB /* Products */,
			);
			name = CustomTemplate;
			sourceTree = "<group>";
		};
		29B97315FDCFA39411CA2CEA /* Other Sources */ = {
			isa = PBXGroup;
			children = (
				32CA4F630368D1EE00C91783 /* BG Sample-Prefix.pch */,
				29B97316FDCFA39411CA2CEA /* main.m */,
				ED33DF2A687741AEAF9F8254 /* Bridging-Header.h */,
			);
			name = "Other Sources";
			path = "BG Sample";
			sourceTree = "<group>";
		};
		29B97317FDCFA39411CA2CEA /* Resources */ = {
			isa = PBXGroup;
			children = (
				0207DA571B56EA530066E2B4 /* Images.xcassets */,
				3047A50E1AB8057F00498E2A /* config */,
				8D1107310486CEB800E47090 /* BG Sample-Info.plist */,
				6AFF5BF81D6E424B00AB3073 /* CDVLaunchScreen.storyboard */,
			);
			name = Resources;
			path = "BG Sample/Resources";
			sourceTree = "<group>";
		};
		29B97323FDCFA39411CA2CEA /* Frameworks */ = {
			isa = PBXGroup;
			children = (
				7B13390DAD6B4D5C9B740F35 /* CoreLocation.framework */,
				B7757B6B14EC40A7A15196D3 /* SystemConfiguration.framework */,
				2FD0CA24B5A54082A1D9827E /* AudioToolbox.framework */,
				197B02DFA2944BE2B1C43631 /* AVFoundation.framework */,
				01D50D7BBC7B4C01A65454A0 /* libsqlite3.dylib */,
			);
			name = Frameworks;
			sourceTree = "<group>";
		};
		301BF52E109A57CC0062928A /* Products */ = {
			isa = PBXGroup;
			children = (
				301BF535109A57CC0062928A /* libCordova.a */,
				87036BEA21CD079400D9C164 /* Cordova.framework */,
			);
			name = Products;
			sourceTree = "<group>";
		};
		3047A50E1AB8057F00498E2A /* config */ = {
			isa = PBXGroup;
			children = (
				3047A50F1AB8059700498E2A /* build-debug.xcconfig */,
				3047A5101AB8059700498E2A /* build-release.xcconfig */,
				3047A5111AB8059700498E2A /* build.xcconfig */,
			);
			name = config;
			sourceTree = "<group>";
		};
		307C750510C5A3420062BCA9 /* Plugins */ = {
			isa = PBXGroup;
			children = (
				87EDC04721CE9B5600284C9D /* brian3tnote.txt */,
				D6F979A4CF554E038CEC2A2C /* BackgroundTaskManager.m */,
				FBEBDB8F94194615A7B498A1 /* CDVBackgroundGeolocation.m */,
				AAB88D3A6ED04AFFB68F22C4 /* CocoaLumberjack.m */,
				E8CDE57B2F63499EBC54AA82 /* Config.m */,
				0248B30B3B244E349946D388 /* FMDB.m */,
				D71E9D9FA6244A66B1D4418F /* FMDBLogger.m */,
				AC800D90243A4D6981350C77 /* GeolocationOpenHelper.m */,
				49E7F638D48E4321AC0CC9DF /* Location.m */,
				BC8F825DC32542F8A14AD084 /* LocationContract.m */,
				42A996BE4C3B4DB0A4B3B4CD /* LocationManager.m */,
				0F8D2F8E56654D0293DA6D70 /* LocationUploader.m */,
				E04AD68055DF4FF1B70B9733 /* Logging.m */,
				1A4C9B34A72D48379890A462 /* Reachability.m */,
				08D2E650FA994FAAA3ADD5D4 /* SQLiteHelper.m */,
				DDE4D0233E984915904E74DA /* SQLiteLocationDAO.m */,
				21F5E2FC8F1643BBA0499529 /* SQLiteOpenHelper.m */,
				8375E67F79474F44A1485DF6 /* BackgroundTaskManager.h */,
				894320D37D36434C8A321969 /* CDVBackgroundGeolocation.h */,
				913D2D460EB445C7A575A64D /* CocoaLumberjack.h */,
				5C080E0A7C4B401AB6411684 /* Config.h */,
				C4D9ADDAE4D549AF9DBD5B5F /* FMDB.h */,
				0BDCEF90D95541BF8A029B57 /* FMDBLogger.h */,
				3EF4D02370BE4572A7BA5330 /* GeolocationOpenHelper.h */,
				8BF502FC4DE6400898A0637B /* Location.h */,
				1A17F5EA939D456A89C742BE /* LocationContract.h */,
				765D4F88A55E410394942926 /* LocationManager.h */,
				CF1DEAD94A7F42D4A6893648 /* LocationUploader.h */,
				C1B2B3E4EAC7480D9A245409 /* Logging.h */,
				1FDAC8F23E5A480EAA51F82A /* Reachability.h */,
				E157760F429748B6B8435106 /* SQLiteHelper.h */,
				73B9142629404629B55BB6E7 /* SQLiteLocationDAO.h */,
				880511E790D244908AFCCD68 /* SQLiteOpenHelper.h */,
			);
			name = Plugins;
			path = "BG Sample/Plugins";
			sourceTree = SOURCE_ROOT;
		};
		EB87FDF11871DA420020F90C /* Staging */ = {
			isa = PBXGroup;
			children = (
				F840E1F0165FE0F500CFE078 /* config.xml */,
				301BF56E109A69640062928A /* www */,
			);
			name = Staging;
			sourceTree = "<group>";
		};
/* End PBXGroup section */

/* Begin PBXNativeTarget section */
		1D6058900D05DD3D006BFB54 /* BG Sample */ = {
			isa = PBXNativeTarget;
			buildConfigurationList = 1D6058960D05DD3E006BFB54 /* Build configuration list for PBXNativeTarget "BG Sample" */;
			buildPhases = (
				304B58A110DAC018002A0835 /* Copy www directory */,
				1D60588D0D05DD3D006BFB54 /* Resources */,
				1D60588E0D05DD3D006BFB54 /* Sources */,
				1D60588F0D05DD3D006BFB54 /* Frameworks */,
			);
			buildRules = (
			);
			dependencies = (
				301BF551109A68C00062928A /* PBXTargetDependency */,
			);
			name = "BG Sample";
			productName = "BG Sample";
			productReference = 1D6058910D05DD3D006BFB54 /* BG Sample.app */;
			productType = "com.apple.product-type.application";
		};
/* End PBXNativeTarget section */

/* Begin PBXProject section */
		29B97313FDCFA39411CA2CEA /* Project object */ = {
			isa = PBXProject;
			attributes = {
				LastUpgradeCheck = 510;
				TargetAttributes = {
					1D6058900D05DD3D006BFB54 = {
						DevelopmentTeam = MPS8JNP3K8;
					};
				};
			};
			buildConfigurationList = C01FCF4E08A954540054247B /* Build configuration list for PBXProject "BG Sample" */;
			compatibilityVersion = "Xcode 3.2";
			developmentRegion = English;
			hasScannedForEncodings = 1;
			knownRegions = (
				en,
			);
			mainGroup = 29B97314FDCFA39411CA2CEA /* CustomTemplate */;
			projectDirPath = "";
			projectReferences = (
				{
					ProductGroup = 301BF52E109A57CC0062928A /* Products */;
					ProjectRef = 301BF52D109A57CC0062928A /* CordovaLib/CordovaLib.xcodeproj */;
				},
			);
			projectRoot = "";
			targets = (
				1D6058900D05DD3D006BFB54 /* BG Sample */,
			);
		};
/* End PBXProject section */

/* Begin PBXReferenceProxy section */
		301BF535109A57CC0062928A /* libCordova.a */ = {
			isa = PBXReferenceProxy;
			fileType = archive.ar;
			path = libCordova.a;
			remoteRef = 301BF534109A57CC0062928A /* PBXContainerItemProxy */;
			sourceTree = BUILT_PRODUCTS_DIR;
		};
		87036BEA21CD079400D9C164 /* Cordova.framework */ = {
			isa = PBXReferenceProxy;
			fileType = wrapper.framework;
			path = Cordova.framework;
			remoteRef = 87036BE921CD079400D9C164 /* PBXContainerItemProxy */;
			sourceTree = BUILT_PRODUCTS_DIR;
		};
/* End PBXReferenceProxy section */

/* Begin PBXResourcesBuildPhase section */
		1D60588D0D05DD3D006BFB54 /* Resources */ = {
			isa = PBXResourcesBuildPhase;
			buildActionMask = 2147483647;
			files = (
				302D95F214D2391D003F00A1 /* MainViewController.xib in Resources */,
				0207DA581B56EA530066E2B4 /* Images.xcassets in Resources */,
				87EDC04821CE9B5600284C9D /* brian3tnote.txt in Resources */,
				6AFF5BF91D6E424B00AB3073 /* CDVLaunchScreen.storyboard in Resources */,
			);
			runOnlyForDeploymentPostprocessing = 0;
		};
/* End PBXResourcesBuildPhase section */

/* Begin PBXShellScriptBuildPhase section */
		304B58A110DAC018002A0835 /* Copy www directory */ = {
			isa = PBXShellScriptBuildPhase;
			buildActionMask = 2147483647;
			files = (
			);
			inputPaths = (
			);
			name = "Copy www directory";
			outputPaths = (
			);
			runOnlyForDeploymentPostprocessing = 0;
			shellPath = /bin/sh;
			shellScript = "NODEJS_PATH=/usr/local/bin; NVM_NODE_PATH=~/.nvm/versions/node/`nvm version 2>/dev/null`/bin; N_NODE_PATH=`find /usr/local/n/versions/node/* -maxdepth 0 -type d 2>/dev/null | tail -1`/bin; XCODE_NODE_PATH=`xcode-select --print-path`/usr/share/xcs/Node/bin; PATH=$NODEJS_PATH:$NVM_NODE_PATH:$N_NODE_PATH:$XCODE_NODE_PATH:$PATH && node cordova/lib/copy-www-build-step.js";
			showEnvVarsInLog = 0;
		};
/* End PBXShellScriptBuildPhase section */

/* Begin PBXSourcesBuildPhase section */
		1D60588E0D05DD3D006BFB54 /* Sources */ = {
			isa = PBXSourcesBuildPhase;
			buildActionMask = 2147483647;
			files = (
				1D60589B0D05DD56006BFB54 /* main.m in Sources */,
				1D3623260D0F684500981E51 /* AppDelegate.m in Sources */,
				302D95F114D2391D003F00A1 /* MainViewController.m in Sources */,
				DF53BA47F61747A4B15BBD8A /* BackgroundTaskManager.m in Sources */,
				7306DD43340D4F3B9DB22F1A /* CDVBackgroundGeolocation.m in Sources */,
				1628CABDA7F749C1A8336E32 /* CocoaLumberjack.m in Sources */,
				6DAB347D9B84425C99A61265 /* Config.m in Sources */,
				6EEA4F6AE5284D3BBB4E9E96 /* FMDB.m in Sources */,
				1EF429E2287F4302AF38F730 /* FMDBLogger.m in Sources */,
				8133D60CF87B47DD8C3CB943 /* GeolocationOpenHelper.m in Sources */,
				35AC6AC0895945AEB94C8EC8 /* Location.m in Sources */,
				118234E818C24857AF08FA34 /* LocationContract.m in Sources */,
				A88C5B1EB9124F13BE36FDD4 /* LocationManager.m in Sources */,
				76EFD7678CE7491897AD24A5 /* LocationUploader.m in Sources */,
				D877B1B5FE5E40A29256742A /* Logging.m in Sources */,
				84E9B700EEDF4A6BAA2E9196 /* Reachability.m in Sources */,
				0C5DF3A144E04E3FBA3ED956 /* SQLiteHelper.m in Sources */,
				D9B8F379810B48E791094690 /* SQLiteLocationDAO.m in Sources */,
				C1E965CC87534CB5B0394984 /* SQLiteOpenHelper.m in Sources */,
			);
			runOnlyForDeploymentPostprocessing = 0;
		};
/* End PBXSourcesBuildPhase section */

/* Begin PBXTargetDependency section */
		301BF551109A68C00062928A /* PBXTargetDependency */ = {
			isa = PBXTargetDependency;
			name = CordovaLib;
			targetProxy = 301BF550109A68C00062928A /* PBXContainerItemProxy */;
		};
/* End PBXTargetDependency section */

/* Begin XCBuildConfiguration section */
		1D6058940D05DD3E006BFB54 /* Debug */ = {
			isa = XCBuildConfiguration;
			baseConfigurationReference = 3047A50F1AB8059700498E2A /* build-debug.xcconfig */;
			buildSettings = {
				ALWAYS_SEARCH_USER_PATHS = NO;
				ASSETCATALOG_COMPILER_APPICON_NAME = AppIcon;
				ASSETCATALOG_COMPILER_LAUNCHIMAGE_NAME = LaunchImage;
				CLANG_ENABLE_MODULES = YES;
				CLANG_ENABLE_OBJC_ARC = YES;
				COPY_PHASE_STRIP = NO;
				DEVELOPMENT_TEAM = MPS8JNP3K8;
				GCC_DYNAMIC_NO_PIC = NO;
				GCC_OPTIMIZATION_LEVEL = 0;
				GCC_PRECOMPILE_PREFIX_HEADER = YES;
				GCC_PREFIX_HEADER = "BG Sample/BG Sample-Prefix.pch";
				GCC_THUMB_SUPPORT = NO;
				GCC_VERSION = "";
				INFOPLIST_FILE = "BG Sample/BG Sample-Info.plist";
				IPHONEOS_DEPLOYMENT_TARGET = 9.0;
				LD_RUNPATH_SEARCH_PATHS = "@executable_path/Frameworks";
				PRODUCT_NAME = "BG Sample";
				TARGETED_DEVICE_FAMILY = "1,2";
			};
			name = Debug;
		};
		1D6058950D05DD3E006BFB54 /* Release */ = {
			isa = XCBuildConfiguration;
			baseConfigurationReference = 3047A5101AB8059700498E2A /* build-release.xcconfig */;
			buildSettings = {
				ALWAYS_SEARCH_USER_PATHS = NO;
				ASSETCATALOG_COMPILER_APPICON_NAME = AppIcon;
				ASSETCATALOG_COMPILER_LAUNCHIMAGE_NAME = LaunchImage;
				CLANG_ENABLE_MODULES = YES;
				CLANG_ENABLE_OBJC_ARC = YES;
				COPY_PHASE_STRIP = YES;
				DEVELOPMENT_TEAM = MPS8JNP3K8;
				GCC_PRECOMPILE_PREFIX_HEADER = YES;
				GCC_PREFIX_HEADER = "BG Sample/BG Sample-Prefix.pch";
				GCC_THUMB_SUPPORT = NO;
				GCC_VERSION = "";
				INFOPLIST_FILE = "BG Sample/BG Sample-Info.plist";
				IPHONEOS_DEPLOYMENT_TARGET = 9.0;
				LD_RUNPATH_SEARCH_PATHS = "@executable_path/Frameworks";
				PRODUCT_NAME = "BG Sample";
				TARGETED_DEVICE_FAMILY = "1,2";
			};
			name = Release;
		};
		C01FCF4F08A954540054247B /* Debug */ = {
			isa = XCBuildConfiguration;
			baseConfigurationReference = 3047A5111AB8059700498E2A /* build.xcconfig */;
			buildSettings = {
				CLANG_ENABLE_MODULES = YES;
				CLANG_ENABLE_OBJC_ARC = YES;
				CLANG_WARN_BOOL_CONVERSION = YES;
				CLANG_WARN_CONSTANT_CONVERSION = YES;
				CLANG_WARN_EMPTY_BODY = YES;
				CLANG_WARN_ENUM_CONVERSION = YES;
				CLANG_WARN_INT_CONVERSION = YES;
				CLANG_WARN__DUPLICATE_METHOD_MATCH = YES;
				GCC_C_LANGUAGE_STANDARD = c99;
				GCC_THUMB_SUPPORT = NO;
				GCC_VERSION = "";
				GCC_WARN_ABOUT_RETURN_TYPE = YES;
				GCC_WARN_UNDECLARED_SELECTOR = YES;
				GCC_WARN_UNINITIALIZED_AUTOS = YES;
				GCC_WARN_UNUSED_FUNCTION = YES;
				GCC_WARN_UNUSED_VARIABLE = YES;
				ONLY_ACTIVE_ARCH = YES;
				SDKROOT = iphoneos;
				SKIP_INSTALL = NO;
			};
			name = Debug;
		};
		C01FCF5008A954540054247B /* Release */ = {
			isa = XCBuildConfiguration;
			baseConfigurationReference = 3047A5111AB8059700498E2A /* build.xcconfig */;
			buildSettings = {
				CLANG_ENABLE_MODULES = YES;
				CLANG_ENABLE_OBJC_ARC = YES;
				CLANG_WARN_BOOL_CONVERSION = YES;
				CLANG_WARN_CONSTANT_CONVERSION = YES;
				CLANG_WARN_EMPTY_BODY = YES;
				CLANG_WARN_ENUM_CONVERSION = YES;
				CLANG_WARN_INT_CONVERSION = YES;
				CLANG_WARN__DUPLICATE_METHOD_MATCH = YES;
				GCC_C_LANGUAGE_STANDARD = c99;
				GCC_THUMB_SUPPORT = NO;
				GCC_VERSION = "";
				GCC_WARN_ABOUT_RETURN_TYPE = YES;
				GCC_WARN_UNDECLARED_SELECTOR = YES;
				GCC_WARN_UNINITIALIZED_AUTOS = YES;
				GCC_WARN_UNUSED_FUNCTION = YES;
				GCC_WARN_UNUSED_VARIABLE = YES;
				SDKROOT = iphoneos;
				SKIP_INSTALL = NO;
			};
			name = Release;
		};
/* End XCBuildConfiguration section */

/* Begin XCConfigurationList section */
		1D6058960D05DD3E006BFB54 /* Build configuration list for PBXNativeTarget "BG Sample" */ = {
			isa = XCConfigurationList;
			buildConfigurations = (
				1D6058940D05DD3E006BFB54 /* Debug */,
				1D6058950D05DD3E006BFB54 /* Release */,
			);
			defaultConfigurationIsVisible = 0;
			defaultConfigurationName = Release;
		};
		C01FCF4E08A954540054247B /* Build configuration list for PBXProject "BG Sample" */ = {
			isa = XCConfigurationList;
			buildConfigurations = (
				C01FCF4F08A954540054247B /* Debug */,
				C01FCF5008A954540054247B /* Release */,
			);
			defaultConfigurationIsVisible = 0;
			defaultConfigurationName = Release;
		};
/* End XCConfigurationList section */
	};
	rootObject = 29B97313FDCFA39411CA2CEA /* Project object */;
}
